// !$*UTF8*$!
{
	archiveVersion = 1;
	classes = {
	};
	objectVersion = 50;
	objects = {

/* Begin PBXBuildFile section */
		85FAA98EEE7DB9EF1816C49E /* libPods-mtgp.a in Frameworks */ = {isa = PBXBuildFile; fileRef = 747B01D22014203BFC0B09D4 /* libPods-mtgp.a */; };
		AFF2A41C26A49DD3001B4BC1 /* AppDelegate.swift in Sources */ = {isa = PBXBuildFile; fileRef = AFF2A41B26A49DD3001B4BC1 /* AppDelegate.swift */; };
		AFF2A41E26A49DD3001B4BC1 /* SceneDelegate.swift in Sources */ = {isa = PBXBuildFile; fileRef = AFF2A41D26A49DD3001B4BC1 /* SceneDelegate.swift */; };
		AFF2A42026A49DD3001B4BC1 /* MainVC.swift in Sources */ = {isa = PBXBuildFile; fileRef = AFF2A41F26A49DD3001B4BC1 /* MainVC.swift */; };
		AFF2A42326A49DD3001B4BC1 /* Main.storyboard in Resources */ = {isa = PBXBuildFile; fileRef = AFF2A42126A49DD3001B4BC1 /* Main.storyboard */; };
		AFF2A42626A49DD3001B4BC1 /* mtgp.xcdatamodeld in Sources */ = {isa = PBXBuildFile; fileRef = AFF2A42426A49DD3001B4BC1 /* mtgp.xcdatamodeld */; };
		AFF2A42826A49DD7001B4BC1 /* Assets.xcassets in Resources */ = {isa = PBXBuildFile; fileRef = AFF2A42726A49DD7001B4BC1 /* Assets.xcassets */; };
		AFF2A42B26A49DD7001B4BC1 /* LaunchScreen.storyboard in Resources */ = {isa = PBXBuildFile; fileRef = AFF2A42926A49DD7001B4BC1 /* LaunchScreen.storyboard */; };
		AFF2A43326A5F934001B4BC1 /* SearchResultsViewController.swift in Sources */ = {isa = PBXBuildFile; fileRef = AFF2A43226A5F934001B4BC1 /* SearchResultsViewController.swift */; };
/* End PBXBuildFile section */

/* Begin PBXFileReference section */
		56A40BD8F1D4954B996D51D9 /* Pods-mtgp.debug.xcconfig */ = {isa = PBXFileReference; includeInIndex = 1; lastKnownFileType = text.xcconfig; name = "Pods-mtgp.debug.xcconfig"; path = "Target Support Files/Pods-mtgp/Pods-mtgp.debug.xcconfig"; sourceTree = "<group>"; };
		747B01D22014203BFC0B09D4 /* libPods-mtgp.a */ = {isa = PBXFileReference; explicitFileType = archive.ar; includeInIndex = 0; path = "libPods-mtgp.a"; sourceTree = BUILT_PRODUCTS_DIR; };
		77BA65D9F94A4D863AF57987 /* Pods-mtgp.release.xcconfig */ = {isa = PBXFileReference; includeInIndex = 1; lastKnownFileType = text.xcconfig; name = "Pods-mtgp.release.xcconfig"; path = "Target Support Files/Pods-mtgp/Pods-mtgp.release.xcconfig"; sourceTree = "<group>"; };
		AFF2A41826A49DD3001B4BC1 /* mtgp.app */ = {isa = PBXFileReference; explicitFileType = wrapper.application; includeInIndex = 0; path = mtgp.app; sourceTree = BUILT_PRODUCTS_DIR; };
		AFF2A41B26A49DD3001B4BC1 /* AppDelegate.swift */ = {isa = PBXFileReference; lastKnownFileType = sourcecode.swift; path = AppDelegate.swift; sourceTree = "<group>"; };
		AFF2A41D26A49DD3001B4BC1 /* SceneDelegate.swift */ = {isa = PBXFileReference; lastKnownFileType = sourcecode.swift; path = SceneDelegate.swift; sourceTree = "<group>"; };
		AFF2A41F26A49DD3001B4BC1 /* MainVC.swift */ = {isa = PBXFileReference; lastKnownFileType = sourcecode.swift; path = MainVC.swift; sourceTree = "<group>"; };
		AFF2A42226A49DD3001B4BC1 /* Base */ = {isa = PBXFileReference; lastKnownFileType = file.storyboard; name = Base; path = Base.lproj/Main.storyboard; sourceTree = "<group>"; };
		AFF2A42526A49DD3001B4BC1 /* mtgp.xcdatamodel */ = {isa = PBXFileReference; lastKnownFileType = wrapper.xcdatamodel; path = mtgp.xcdatamodel; sourceTree = "<group>"; };
		AFF2A42726A49DD7001B4BC1 /* Assets.xcassets */ = {isa = PBXFileReference; lastKnownFileType = folder.assetcatalog; path = Assets.xcassets; sourceTree = "<group>"; };
		AFF2A42A26A49DD7001B4BC1 /* Base */ = {isa = PBXFileReference; lastKnownFileType = file.storyboard; name = Base; path = Base.lproj/LaunchScreen.storyboard; sourceTree = "<group>"; };
		AFF2A42C26A49DD7001B4BC1 /* Info.plist */ = {isa = PBXFileReference; lastKnownFileType = text.plist.xml; path = Info.plist; sourceTree = "<group>"; };
		AFF2A43226A5F934001B4BC1 /* SearchResultsViewController.swift */ = {isa = PBXFileReference; lastKnownFileType = sourcecode.swift; path = SearchResultsViewController.swift; sourceTree = "<group>"; };
/* End PBXFileReference section */

/* Begin PBXFrameworksBuildPhase section */
		AFF2A41526A49DD3001B4BC1 /* Frameworks */ = {
			isa = PBXFrameworksBuildPhase;
			buildActionMask = 2147483647;
			files = (
				85FAA98EEE7DB9EF1816C49E /* libPods-mtgp.a in Frameworks */,
			);
			runOnlyForDeploymentPostprocessing = 0;
		};
/* End PBXFrameworksBuildPhase section */

/* Begin PBXGroup section */
		38653516B91D670058E98711 /* Frameworks */ = {
			isa = PBXGroup;
			children = (
				747B01D22014203BFC0B09D4 /* libPods-mtgp.a */,
			);
			name = Frameworks;
			sourceTree = "<group>";
		};
		AFF2A40F26A49DD3001B4BC1 = {
			isa = PBXGroup;
			children = (
				AFF2A41A26A49DD3001B4BC1 /* mtgp */,
				AFF2A41926A49DD3001B4BC1 /* Products */,
				BB4F0A4D3123352E6BC82DDB /* Pods */,
				38653516B91D670058E98711 /* Frameworks */,
			);
			sourceTree = "<group>";
		};
		AFF2A41926A49DD3001B4BC1 /* Products */ = {
			isa = PBXGroup;
			children = (
				AFF2A41826A49DD3001B4BC1 /* mtgp.app */,
			);
			name = Products;
			sourceTree = "<group>";
		};
		AFF2A41A26A49DD3001B4BC1 /* mtgp */ = {
			isa = PBXGroup;
			children = (
				AFF2A41B26A49DD3001B4BC1 /* AppDelegate.swift */,
				AFF2A41D26A49DD3001B4BC1 /* SceneDelegate.swift */,
				AFF2A41F26A49DD3001B4BC1 /* MainVC.swift */,
				AFF2A43226A5F934001B4BC1 /* SearchResultsViewController.swift */,
				AFF2A42126A49DD3001B4BC1 /* Main.storyboard */,
				AFF2A42726A49DD7001B4BC1 /* Assets.xcassets */,
				AFF2A42926A49DD7001B4BC1 /* LaunchScreen.storyboard */,
				AFF2A42C26A49DD7001B4BC1 /* Info.plist */,
				AFF2A42426A49DD3001B4BC1 /* mtgp.xcdatamodeld */,
			);
			path = mtgp;
			sourceTree = "<group>";
		};
		BB4F0A4D3123352E6BC82DDB /* Pods */ = {
			isa = PBXGroup;
			children = (
				56A40BD8F1D4954B996D51D9 /* Pods-mtgp.debug.xcconfig */,
				77BA65D9F94A4D863AF57987 /* Pods-mtgp.release.xcconfig */,
			);
			path = Pods;
			sourceTree = "<group>";
		};
/* End PBXGroup section */

/* Begin PBXNativeTarget section */
		AFF2A41726A49DD3001B4BC1 /* mtgp */ = {
			isa = PBXNativeTarget;
			buildConfigurationList = AFF2A42F26A49DD7001B4BC1 /* Build configuration list for PBXNativeTarget "mtgp" */;
			buildPhases = (
				0522ACA6767596BDB5A3939E /* [CP] Check Pods Manifest.lock */,
				AFF2A41426A49DD3001B4BC1 /* Sources */,
				AFF2A41526A49DD3001B4BC1 /* Frameworks */,
				AFF2A41626A49DD3001B4BC1 /* Resources */,
			);
			buildRules = (
			);
			dependencies = (
			);
			name = mtgp;
			productName = mtgp;
			productReference = AFF2A41826A49DD3001B4BC1 /* mtgp.app */;
			productType = "com.apple.product-type.application";
		};
/* End PBXNativeTarget section */

/* Begin PBXProject section */
		AFF2A41026A49DD3001B4BC1 /* Project object */ = {
			isa = PBXProject;
			attributes = {
				LastSwiftUpdateCheck = 1250;
				LastUpgradeCheck = 1250;
				TargetAttributes = {
					AFF2A41726A49DD3001B4BC1 = {
						CreatedOnToolsVersion = 12.5.1;
					};
				};
			};
			buildConfigurationList = AFF2A41326A49DD3001B4BC1 /* Build configuration list for PBXProject "mtgp" */;
			compatibilityVersion = "Xcode 9.3";
			developmentRegion = en;
			hasScannedForEncodings = 0;
			knownRegions = (
				en,
				Base,
			);
			mainGroup = AFF2A40F26A49DD3001B4BC1;
			productRefGroup = AFF2A41926A49DD3001B4BC1 /* Products */;
			projectDirPath = "";
			projectRoot = "";
			targets = (
				AFF2A41726A49DD3001B4BC1 /* mtgp */,
			);
		};
/* End PBXProject section */

/* Begin PBXResourcesBuildPhase section */
		AFF2A41626A49DD3001B4BC1 /* Resources */ = {
			isa = PBXResourcesBuildPhase;
			buildActionMask = 2147483647;
			files = (
				AFF2A42B26A49DD7001B4BC1 /* LaunchScreen.storyboard in Resources */,
				AFF2A42826A49DD7001B4BC1 /* Assets.xcassets in Resources */,
				AFF2A42326A49DD3001B4BC1 /* Main.storyboard in Resources */,
			);
			runOnlyForDeploymentPostprocessing = 0;
		};
/* End PBXResourcesBuildPhase section */

/* Begin PBXShellScriptBuildPhase section */
		0522ACA6767596BDB5A3939E /* [CP] Check Pods Manifest.lock */ = {
			isa = PBXShellScriptBuildPhase;
			buildActionMask = 2147483647;
			files = (
			);
			inputFileListPaths = (
			);
			inputPaths = (
				"${PODS_PODFILE_DIR_PATH}/Podfile.lock",
				"${PODS_ROOT}/Manifest.lock",
			);
			name = "[CP] Check Pods Manifest.lock";
			outputFileListPaths = (
			);
			outputPaths = (
				"$(DERIVED_FILE_DIR)/Pods-mtgp-checkManifestLockResult.txt",
			);
			runOnlyForDeploymentPostprocessing = 0;
			shellPath = /bin/sh;
			shellScript = "diff \"${PODS_PODFILE_DIR_PATH}/Podfile.lock\" \"${PODS_ROOT}/Manifest.lock\" > /dev/null\nif [ $? != 0 ] ; then\n    # print error to STDERR\n    echo \"error: The sandbox is not in sync with the Podfile.lock. Run 'pod install' or update your CocoaPods installation.\" >&2\n    exit 1\nfi\n# This output is used by Xcode 'outputs' to avoid re-running this script phase.\necho \"SUCCESS\" > \"${SCRIPT_OUTPUT_FILE_0}\"\n";
			showEnvVarsInLog = 0;
		};
/* End PBXShellScriptBuildPhase section */

/* Begin PBXSourcesBuildPhase section */
		AFF2A41426A49DD3001B4BC1 /* Sources */ = {
			isa = PBXSourcesBuildPhase;
			buildActionMask = 2147483647;
			files = (
				AFF2A42026A49DD3001B4BC1 /* MainVC.swift in Sources */,
				AFF2A42626A49DD3001B4BC1 /* mtgp.xcdatamodeld in Sources */,
				AFF2A41C26A49DD3001B4BC1 /* AppDelegate.swift in Sources */,
				AFF2A41E26A49DD3001B4BC1 /* SceneDelegate.swift in Sources */,
				AFF2A43326A5F934001B4BC1 /* SearchResultsViewController.swift in Sources */,
			);
			runOnlyForDeploymentPostprocessing = 0;
		};
/* End PBXSourcesBuildPhase section */

/* Begin PBXVariantGroup section */
		AFF2A42126A49DD3001B4BC1 /* Main.storyboard */ = {
			isa = PBXVariantGroup;
			children = (
				AFF2A42226A49DD3001B4BC1 /* Base */,
			);
			name = Main.storyboard;
			sourceTree = "<group>";
		};
		AFF2A42926A49DD7001B4BC1 /* LaunchScreen.storyboard */ = {
			isa = PBXVariantGroup;
			children = (
				AFF2A42A26A49DD7001B4BC1 /* Base */,
			);
			name = LaunchScreen.storyboard;
			sourceTree = "<group>";
		};
/* End PBXVariantGroup section */

/* Begin XCBuildConfiguration section */
		AFF2A42D26A49DD7001B4BC1 /* Debug */ = {
			isa = XCBuildConfiguration;
			buildSettings = {
				ALWAYS_SEARCH_USER_PATHS = NO;
				CLANG_ANALYZER_NONNULL = YES;
				CLANG_ANALYZER_NUMBER_OBJECT_CONVERSION = YES_AGGRESSIVE;
				CLANG_CXX_LANGUAGE_STANDARD = "gnu++14";
				CLANG_CXX_LIBRARY = "libc++";
				CLANG_ENABLE_MODULES = YES;
				CLANG_ENABLE_OBJC_ARC = YES;
				CLANG_ENABLE_OBJC_WEAK = YES;
				CLANG_WARN_BLOCK_CAPTURE_AUTORELEASING = YES;
				CLANG_WARN_BOOL_CONVERSION = YES;
				CLANG_WARN_COMMA = YES;
				CLANG_WARN_CONSTANT_CONVERSION = YES;
				CLANG_WARN_DEPRECATED_OBJC_IMPLEMENTATIONS = YES;
				CLANG_WARN_DIRECT_OBJC_ISA_USAGE = YES_ERROR;
				CLANG_WARN_DOCUMENTATION_COMMENTS = YES;
				CLANG_WARN_EMPTY_BODY = YES;
				CLANG_WARN_ENUM_CONVERSION = YES;
				CLANG_WARN_INFINITE_RECURSION = YES;
				CLANG_WARN_INT_CONVERSION = YES;
				CLANG_WARN_NON_LITERAL_NULL_CONVERSION = YES;
				CLANG_WARN_OBJC_IMPLICIT_RETAIN_SELF = YES;
				CLANG_WARN_OBJC_LITERAL_CONVERSION = YES;
				CLANG_WARN_OBJC_ROOT_CLASS = YES_ERROR;
				CLANG_WARN_QUOTED_INCLUDE_IN_FRAMEWORK_HEADER = YES;
				CLANG_WARN_RANGE_LOOP_ANALYSIS = YES;
				CLANG_WARN_STRICT_PROTOTYPES = YES;
				CLANG_WARN_SUSPICIOUS_MOVE = YES;
				CLANG_WARN_UNGUARDED_AVAILABILITY = YES_AGGRESSIVE;
				CLANG_WARN_UNREACHABLE_CODE = YES;
				CLANG_WARN__DUPLICATE_METHOD_MATCH = YES;
				COPY_PHASE_STRIP = NO;
				DEBUG_INFORMATION_FORMAT = dwarf;
				ENABLE_STRICT_OBJC_MSGSEND = YES;
				ENABLE_TESTABILITY = YES;
				GCC_C_LANGUAGE_STANDARD = gnu11;
				GCC_DYNAMIC_NO_PIC = NO;
				GCC_NO_COMMON_BLOCKS = YES;
				GCC_OPTIMIZATION_LEVEL = 0;
				GCC_PREPROCESSOR_DEFINITIONS = (
					"DEBUG=1",
					"$(inherited)",
				);
				GCC_WARN_64_TO_32_BIT_CONVERSION = YES;
				GCC_WARN_ABOUT_RETURN_TYPE = YES_ERROR;
				GCC_WARN_UNDECLARED_SELECTOR = YES;
				GCC_WARN_UNINITIALIZED_AUTOS = YES_AGGRESSIVE;
				GCC_WARN_UNUSED_FUNCTION = YES;
				GCC_WARN_UNUSED_VARIABLE = YES;
				IPHONEOS_DEPLOYMENT_TARGET = 14.5;
				MTL_ENABLE_DEBUG_INFO = INCLUDE_SOURCE;
				MTL_FAST_MATH = YES;
				ONLY_ACTIVE_ARCH = YES;
				SDKROOT = iphoneos;
				SWIFT_ACTIVE_COMPILATION_CONDITIONS = DEBUG;
				SWIFT_OPTIMIZATION_LEVEL = "-Onone";
			};
			name = Debug;
		};
		AFF2A42E26A49DD7001B4BC1 /* Release */ = {
			isa = XCBuildConfiguration;
			buildSettings = {
				ALWAYS_SEARCH_USER_PATHS = NO;
				CLANG_ANALYZER_NONNULL = YES;
				CLANG_ANALYZER_NUMBER_OBJECT_CONVERSION = YES_AGGRESSIVE;
				CLANG_CXX_LANGUAGE_STANDARD = "gnu++14";
				CLANG_CXX_LIBRARY = "libc++";
				CLANG_ENABLE_MODULES = YES;
				CLANG_ENABLE_OBJC_ARC = YES;
				CLANG_ENABLE_OBJC_WEAK = YES;
				CLANG_WARN_BLOCK_CAPTURE_AUTORELEASING = YES;
				CLANG_WARN_BOOL_CONVERSION = YES;
				CLANG_WARN_COMMA = YES;
				CLANG_WARN_CONSTANT_CONVERSION = YES;
				CLANG_WARN_DEPRECATED_OBJC_IMPLEMENTATIONS = YES;
				CLANG_WARN_DIRECT_OBJC_ISA_USAGE = YES_ERROR;
				CLANG_WARN_DOCUMENTATION_COMMENTS = YES;
				CLANG_WARN_EMPTY_BODY = YES;
				CLANG_WARN_ENUM_CONVERSION = YES;
				CLANG_WARN_INFINITE_RECURSION = YES;
				CLANG_WARN_INT_CONVERSION = YES;
				CLANG_WARN_NON_LITERAL_NULL_CONVERSION = YES;
				CLANG_WARN_OBJC_IMPLICIT_RETAIN_SELF = YES;
				CLANG_WARN_OBJC_LITERAL_CONVERSION = YES;
				CLANG_WARN_OBJC_ROOT_CLASS = YES_ERROR;
				CLANG_WARN_QUOTED_INCLUDE_IN_FRAMEWORK_HEADER = YES;
				CLANG_WARN_RANGE_LOOP_ANALYSIS = YES;
				CLANG_WARN_STRICT_PROTOTYPES = YES;
				CLANG_WARN_SUSPICIOUS_MOVE = YES;
				CLANG_WARN_UNGUARDED_AVAILABILITY = YES_AGGRESSIVE;
				CLANG_WARN_UNREACHABLE_CODE = YES;
				CLANG_WARN__DUPLICATE_METHOD_MATCH = YES;
				COPY_PHASE_STRIP = NO;
				DEBUG_INFORMATION_FORMAT = "dwarf-with-dsym";
				ENABLE_NS_ASSERTIONS = NO;
				ENABLE_STRICT_OBJC_MSGSEND = YES;
				GCC_C_LANGUAGE_STANDARD = gnu11;
				GCC_NO_COMMON_BLOCKS = YES;
				GCC_WARN_64_TO_32_BIT_CONVERSION = YES;
				GCC_WARN_ABOUT_RETURN_TYPE = YES_ERROR;
				GCC_WARN_UNDECLARED_SELECTOR = YES;
				GCC_WARN_UNINITIALIZED_AUTOS = YES_AGGRESSIVE;
				GCC_WARN_UNUSED_FUNCTION = YES;
				GCC_WARN_UNUSED_VARIABLE = YES;
				IPHONEOS_DEPLOYMENT_TARGET = 14.5;
				MTL_ENABLE_DEBUG_INFO = NO;
				MTL_FAST_MATH = YES;
				SDKROOT = iphoneos;
				SWIFT_COMPILATION_MODE = wholemodule;
				SWIFT_OPTIMIZATION_LEVEL = "-O";
				VALIDATE_PRODUCT = YES;
			};
			name = Release;
		};
		AFF2A43026A49DD7001B4BC1 /* Debug */ = {
			isa = XCBuildConfiguration;
			baseConfigurationReference = 56A40BD8F1D4954B996D51D9 /* Pods-mtgp.debug.xcconfig */;
			buildSettings = {
				ASSETCATALOG_COMPILER_APPICON_NAME = AppIcon;
				ASSETCATALOG_COMPILER_GLOBAL_ACCENT_COLOR_NAME = AccentColor;
				CODE_SIGN_STYLE = Automatic;
				DEVELOPMENT_TEAM = M523W9WPAE;
				INFOPLIST_FILE = mtgp/Info.plist;
				LD_RUNPATH_SEARCH_PATHS = (
					"$(inherited)",
					"@executable_path/Frameworks",
				);
				PRODUCT_BUNDLE_IDENTIFIER = com.swafford.mtgp;
				PRODUCT_NAME = "$(TARGET_NAME)";
				SWIFT_VERSION = 5.0;
				TARGETED_DEVICE_FAMILY = "1,2";
			};
			name = Debug;
		};
		AFF2A43126A49DD7001B4BC1 /* Release */ = {
			isa = XCBuildConfiguration;
			baseConfigurationReference = 77BA65D9F94A4D863AF57987 /* Pods-mtgp.release.xcconfig */;
			buildSettings = {
				ASSETCATALOG_COMPILER_APPICON_NAME = AppIcon;
				ASSETCATALOG_COMPILER_GLOBAL_ACCENT_COLOR_NAME = AccentColor;
				CODE_SIGN_STYLE = Automatic;
				DEVELOPMENT_TEAM = M523W9WPAE;
				INFOPLIST_FILE = mtgp/Info.plist;
				LD_RUNPATH_SEARCH_PATHS = (
					"$(inherited)",
					"@executable_path/Frameworks",
				);
				PRODUCT_BUNDLE_IDENTIFIER = com.swafford.mtgp;
				PRODUCT_NAME = "$(TARGET_NAME)";
				SWIFT_VERSION = 5.0;
				TARGETED_DEVICE_FAMILY = "1,2";
			};
			name = Release;
		};
/* End XCBuildConfiguration section */

/* Begin XCConfigurationList section */
		AFF2A41326A49DD3001B4BC1 /* Build configuration list for PBXProject "mtgp" */ = {
			isa = XCConfigurationList;
			buildConfigurations = (
				AFF2A42D26A49DD7001B4BC1 /* Debug */,
				AFF2A42E26A49DD7001B4BC1 /* Release */,
			);
			defaultConfigurationIsVisible = 0;
			defaultConfigurationName = Release;
		};
		AFF2A42F26A49DD7001B4BC1 /* Build configuration list for PBXNativeTarget "mtgp" */ = {
			isa = XCConfigurationList;
			buildConfigurations = (
				AFF2A43026A49DD7001B4BC1 /* Debug */,
				AFF2A43126A49DD7001B4BC1 /* Release */,
			);
			defaultConfigurationIsVisible = 0;
			defaultConfigurationName = Release;
		};
/* End XCConfigurationList section */

/* Begin XCVersionGroup section */
		AFF2A42426A49DD3001B4BC1 /* mtgp.xcdatamodeld */ = {
			isa = XCVersionGroup;
			children = (
				AFF2A42526A49DD3001B4BC1 /* mtgp.xcdatamodel */,
			);
			currentVersion = AFF2A42526A49DD3001B4BC1 /* mtgp.xcdatamodel */;
			path = mtgp.xcdatamodeld;
			sourceTree = "<group>";
			versionGroupType = wrapper.xcdatamodel;
		};
/* End XCVersionGroup section */
	};
	rootObject = AFF2A41026A49DD3001B4BC1 /* Project object */;
}
